
Microsoft Visual Studio Solution File, Format Version 12.00
# Visual Studio Version 16
VisualStudioVersion = 16.0.29201.188
MinimumVisualStudioVersion = 10.0.40219.1
Project("{9A19103F-16F7-4668-BE54-9A1E7A4F7556}") = "Infrastructure", "..\Infrastructure\Infrastructure.csproj", "{FEE18AC1-6CA8-4618-ADBA-9DDB546AAA44}"
EndProject
Project("{9A19103F-16F7-4668-BE54-9A1E7A4F7556}") = "Park.App", "Park.App\Park.App.csproj", "{0930A88B-927B-4040-AA16-20CF169AE54E}"
EndProject
Project("{9A19103F-16F7-4668-BE54-9A1E7A4F7556}") = "Park.Entity", "Park.Entity\Park.Entity.csproj", "{21400018-5F9D-4708-BC08-C5438F772A5E}"
EndProject
Project("{9A19103F-16F7-4668-BE54-9A1E7A4F7556}") = "Park.ParkApi", "Park.ParkApi\Park.ParkApi.csproj", "{A3A11734-7954-48EA-B5E8-B51BF312D853}"
EndProject
Project("{9A19103F-16F7-4668-BE54-9A1E7A4F7556}") = "Park.AppApi", "Park.AppApi\Park.AppApi.csproj", "{30771977-C4CB-41C0-9813-1B8913C791C2}"
EndProject
Project("{2150E333-8FDC-42A3-9474-1A3956D46DE8}") = "1-Presentation", "1-Presentation", "{BCD015EB-BB87-4A26-AD79-F55EE377AF91}"
EndProject
Project("{9A19103F-16F7-4668-BE54-9A1E7A4F7556}") = "Park.AuthApi", "Park.AuthApi\Park.AuthApi.csproj", "{70A979E5-50D8-4FE1-B8D1-9915BB5E6DD7}"
EndProject
Project("{FAE04EC0-301F-11D3-BF4B-00C04F79EFBC}") = "Park.Repository", "Park.Repository\Park.Repository.csproj", "{5B3CCBFF-2DEF-4FB6-A5BE-ADD32EFE0EF4}"
EndProject
Global
	GlobalSection(SolutionConfigurationPlatforms) = preSolution
		Debug|Any CPU = Debug|Any CPU
		Release|Any CPU = Release|Any CPU
	EndGlobalSection
	GlobalSection(ProjectConfigurationPlatforms) = postSolution
		{FEE18AC1-6CA8-4618-ADBA-9DDB546AAA44}.Debug|Any CPU.ActiveCfg = Debug|Any CPU
		{FEE18AC1-6CA8-4618-ADBA-9DDB546AAA44}.Debug|Any CPU.Build.0 = Debug|Any CPU
		{FEE18AC1-6CA8-4618-ADBA-9DDB546AAA44}.Release|Any CPU.ActiveCfg = Release|Any CPU
		{FEE18AC1-6CA8-4618-ADBA-9DDB546AAA44}.Release|Any CPU.Build.0 = Release|Any CPU
		{0930A88B-927B-4040-AA16-20CF169AE54E}.Debug|Any CPU.ActiveCfg = Debug|Any CPU
		{0930A88B-927B-4040-AA16-20CF169AE54E}.Debug|Any CPU.Build.0 = Debug|Any CPU
		{0930A88B-927B-4040-AA16-20CF169AE54E}.Release|Any CPU.ActiveCfg = Release|Any CPU
		{0930A88B-927B-4040-AA16-20CF169AE54E}.Release|Any CPU.Build.0 = Release|Any CPU
		{21400018-5F9D-4708-BC08-C5438F772A5E}.Debug|Any CPU.ActiveCfg = Debug|Any CPU
		{21400018-5F9D-4708-BC08-C5438F772A5E}.Debug|Any CPU.Build.0 = Debug|Any CPU
		{21400018-5F9D-4708-BC08-C5438F772A5E}.Release|Any CPU.ActiveCfg = Release|Any CPU
		{21400018-5F9D-4708-BC08-C5438F772A5E}.Release|Any CPU.Build.0 = Release|Any CPU
		{A3A11734-7954-48EA-B5E8-B51BF312D853}.Debug|Any CPU.ActiveCfg = Debug|Any CPU
		{A3A11734-7954-48EA-B5E8-B51BF312D853}.Debug|Any CPU.Build.0 = Debug|Any CPU
		{A3A11734-7954-48EA-B5E8-B51BF312D853}.Release|Any CPU.ActiveCfg = Release|Any CPU
		{A3A11734-7954-48EA-B5E8-B51BF312D853}.Release|Any CPU.Build.0 = Release|Any CPU
		{30771977-C4CB-41C0-9813-1B8913C791C2}.Debug|Any CPU.ActiveCfg = Debug|Any CPU
		{30771977-C4CB-41C0-9813-1B8913C791C2}.Debug|Any CPU.Build.0 = Debug|Any CPU
		{30771977-C4CB-41C0-9813-1B8913C791C2}.Release|Any CPU.ActiveCfg = Release|Any CPU
		{30771977-C4CB-41C0-9813-1B8913C791C2}.Release|Any CPU.Build.0 = Release|Any CPU
		{70A979E5-50D8-4FE1-B8D1-9915BB5E6DD7}.Debug|Any CPU.ActiveCfg = Debug|Any CPU
		{70A979E5-50D8-4FE1-B8D1-9915BB5E6DD7}.Debug|Any CPU.Build.0 = Debug|Any CPU
		{70A979E5-50D8-4FE1-B8D1-9915BB5E6DD7}.Release|Any CPU.ActiveCfg = Release|Any CPU
		{70A979E5-50D8-4FE1-B8D1-9915BB5E6DD7}.Release|Any CPU.Build.0 = Release|Any CPU
		{5B3CCBFF-2DEF-4FB6-A5BE-ADD32EFE0EF4}.Debug|Any CPU.ActiveCfg = Debug|Any CPU
		{5B3CCBFF-2DEF-4FB6-A5BE-ADD32EFE0EF4}.Debug|Any CPU.Build.0 = Debug|Any CPU
		{5B3CCBFF-2DEF-4FB6-A5BE-ADD32EFE0EF4}.Release|Any CPU.ActiveCfg = Release|Any CPU
		{5B3CCBFF-2DEF-4FB6-A5BE-ADD32EFE0EF4}.Release|Any CPU.Build.0 = Release|Any CPU
	EndGlobalSection
	GlobalSection(SolutionProperties) = preSolution
		HideSolutionNode = FALSE
	EndGlobalSection
	GlobalSection(NestedProjects) = preSolution
		{A3A11734-7954-48EA-B5E8-B51BF312D853} = {BCD015EB-BB87-4A26-AD79-F55EE377AF91}
		{30771977-C4CB-41C0-9813-1B8913C791C2} = {BCD015EB-BB87-4A26-AD79-F55EE377AF91}
		{70A979E5-50D8-4FE1-B8D1-9915BB5E6DD7} = {BCD015EB-BB87-4A26-AD79-F55EE377AF91}
	EndGlobalSection
	GlobalSection(ExtensibilityGlobals) = postSolution
		VisualSVNWorkingCopyRoot = .
		SolutionGuid = {DEBDD52B-9B43-4BED-B76D-07F9E82078C7}
	EndGlobalSection
EndGlobal
